
Microsoft Visual Studio Solution File, Format Version 12.00
# Visual Studio Version 16
VisualStudioVersion = 16.0.29215.179
MinimumVisualStudioVersion = 10.0.40219.1
Project("{FAE04EC0-301F-11D3-BF4B-00C04F79EFBC}") = "APIDoc", "APIDoc\APIDoc.csproj", "{0E0090F1-91B2-482A-BFC4-645D2CA29CAE}"
EndProject
Global
	GlobalSection(SolutionConfigurationPlatforms) = preSolution
		Debug|Any CPU = Debug|Any CPU
		Release|Any CPU = Release|Any CPU
	EndGlobalSection
	GlobalSection(ProjectConfigurationPlatforms) = postSolution
		{0E0090F1-91B2-482A-BFC4-645D2CA29CAE}.Debug|Any CPU.ActiveCfg = Debug|Any CPU
		{0E0090F1-91B2-482A-BFC4-645D2CA29CAE}.Debug|Any CPU.Build.0 = Debug|Any CPU
		{0E0090F1-91B2-482A-BFC4-645D2CA29CAE}.Release|Any CPU.ActiveCfg = Release|Any CPU
		{0E0090F1-91B2-482A-BFC4-645D2CA29CAE}.Release|Any CPU.Build.0 = Release|Any CPU
	EndGlobalSection
	GlobalSection(SolutionProperties) = preSolution
		HideSolutionNode = FALSE
	EndGlobalSection
	GlobalSection(ExtensibilityGlobals) = postSolution
		SolutionGuid = {65ACFD66-2739-471B-889A-BCB6415669B1}
	EndGlobalSection
EndGlobal
